
Microsoft Visual Studio Solution File, Format Version 12.00
# Visual Studio Version 17
VisualStudioVersion = 17.13.35825.156
MinimumVisualStudioVersion = 10.0.40219.1
Project("{2150E333-8FDC-42A3-9474-1A3956D46DE8}") = "Domain", "Domain", "{02EA681E-C7D8-13C7-8484-4AC65E1B71E8}"
EndProject
Project("{2150E333-8FDC-42A3-9474-1A3956D46DE8}") = "Infra.Bus", "Infra.Bus", "{DB664B16-7EC6-4E74-8766-9B57F34B01CC}"
EndProject
Project("{2150E333-8FDC-42A3-9474-1A3956D46DE8}") = "Infra.IoC", "Infra.IoC", "{DE665EDC-6F77-49CF-9521-42AA163A6E79}"
EndProject
Project("{2150E333-8FDC-42A3-9474-1A3956D46DE8}") = "Microservices", "Microservices", "{55278E83-76B9-436A-B1F9-CC64E20FEC3A}"
EndProject
Project("{2150E333-8FDC-42A3-9474-1A3956D46DE8}") = "Presentation", "Presentation", "{29DFB663-DDE7-4E3A-8F3D-2317C22C6AEC}"
EndProject
Project("{FAE04EC0-301F-11D3-BF4B-00C04F79EFBC}") = "MicroRabbitMQ.Domain.Core", "MicroRabbitMQ.Domain.Core\MicroRabbitMQ.Domain.Core.csproj", "{009F647D-EE05-4968-9D8A-F75E2E7B2D32}"
EndProject
Project("{FAE04EC0-301F-11D3-BF4B-00C04F79EFBC}") = "MicroRabbitMQ.Infra.Bus", "MicroRabbitMQ.Infra.Bus\MicroRabbitMQ.Infra.Bus.csproj", "{D7162D65-FE49-4E49-8EF8-EFBAF58269EA}"
EndProject
Project("{FAE04EC0-301F-11D3-BF4B-00C04F79EFBC}") = "MicroRabbit.Infra.IoC", "MicroRabbit.Infra.IoC\MicroRabbit.Infra.IoC.csproj", "{772C0C61-21A6-40CB-A6F8-03953DC3B54B}"
EndProject
Project("{2150E333-8FDC-42A3-9474-1A3956D46DE8}") = "Banking", "Banking", "{08D00144-09FD-4D7A-84C6-8FE334590AA1}"
EndProject
Project("{2150E333-8FDC-42A3-9474-1A3956D46DE8}") = "Api", "Api", "{9F134204-4FD4-4C66-8EFE-C3AB66D4047E}"
EndProject
Project("{2150E333-8FDC-42A3-9474-1A3956D46DE8}") = "Application", "Application", "{CCF517AD-181F-4F23-B484-6BE616AD491E}"
EndProject
Project("{2150E333-8FDC-42A3-9474-1A3956D46DE8}") = "Data", "Data", "{2FED25E7-FC2E-46D9-B07D-89BA8DDEBD22}"
EndProject
Project("{2150E333-8FDC-42A3-9474-1A3956D46DE8}") = "Domain", "Domain", "{9CA3F527-019F-445D-B8D9-031FDAF835A1}"
EndProject
Project("{FAE04EC0-301F-11D3-BF4B-00C04F79EFBC}") = "MicroRabbit.Banking.Api", "MicroRabbit.Banking.Api\MicroRabbit.Banking.Api.csproj", "{5E067BF6-8E72-46FB-8C18-208D515B1D0D}"
EndProject
Project("{FAE04EC0-301F-11D3-BF4B-00C04F79EFBC}") = "MicroRabbit.Banking.Application", "MicroRabbit.Banking.Application\MicroRabbit.Banking.Application.csproj", "{1AF4208A-624A-4C5B-821D-03B5B2EDB01F}"
EndProject
Project("{FAE04EC0-301F-11D3-BF4B-00C04F79EFBC}") = "MicroRabbit.Banking.Data", "MicroRabbit.Banking.Data\MicroRabbit.Banking.Data.csproj", "{3EE128A8-8515-431A-9FC2-5EBCC841E743}"
EndProject
Project("{FAE04EC0-301F-11D3-BF4B-00C04F79EFBC}") = "MicroRabbit.Banking.Domain", "MicroRabbit.Banking.Domain\MicroRabbit.Banking.Domain.csproj", "{023791E4-6BA7-4DE1-811E-1590B51A8715}"
EndProject
Global
	GlobalSection(SolutionConfigurationPlatforms) = preSolution
		Debug|Any CPU = Debug|Any CPU
		Release|Any CPU = Release|Any CPU
	EndGlobalSection
	GlobalSection(ProjectConfigurationPlatforms) = postSolution
		{009F647D-EE05-4968-9D8A-F75E2E7B2D32}.Debug|Any CPU.ActiveCfg = Debug|Any CPU
		{009F647D-EE05-4968-9D8A-F75E2E7B2D32}.Debug|Any CPU.Build.0 = Debug|Any CPU
		{009F647D-EE05-4968-9D8A-F75E2E7B2D32}.Release|Any CPU.ActiveCfg = Release|Any CPU
		{009F647D-EE05-4968-9D8A-F75E2E7B2D32}.Release|Any CPU.Build.0 = Release|Any CPU
		{D7162D65-FE49-4E49-8EF8-EFBAF58269EA}.Debug|Any CPU.ActiveCfg = Debug|Any CPU
		{D7162D65-FE49-4E49-8EF8-EFBAF58269EA}.Debug|Any CPU.Build.0 = Debug|Any CPU
		{D7162D65-FE49-4E49-8EF8-EFBAF58269EA}.Release|Any CPU.ActiveCfg = Release|Any CPU
		{D7162D65-FE49-4E49-8EF8-EFBAF58269EA}.Release|Any CPU.Build.0 = Release|Any CPU
		{772C0C61-21A6-40CB-A6F8-03953DC3B54B}.Debug|Any CPU.ActiveCfg = Debug|Any CPU
		{772C0C61-21A6-40CB-A6F8-03953DC3B54B}.Debug|Any CPU.Build.0 = Debug|Any CPU
		{772C0C61-21A6-40CB-A6F8-03953DC3B54B}.Release|Any CPU.ActiveCfg = Release|Any CPU
		{772C0C61-21A6-40CB-A6F8-03953DC3B54B}.Release|Any CPU.Build.0 = Release|Any CPU
		{5E067BF6-8E72-46FB-8C18-208D515B1D0D}.Debug|Any CPU.ActiveCfg = Debug|Any CPU
		{5E067BF6-8E72-46FB-8C18-208D515B1D0D}.Debug|Any CPU.Build.0 = Debug|Any CPU
		{5E067BF6-8E72-46FB-8C18-208D515B1D0D}.Release|Any CPU.ActiveCfg = Release|Any CPU
		{5E067BF6-8E72-46FB-8C18-208D515B1D0D}.Release|Any CPU.Build.0 = Release|Any CPU
		{1AF4208A-624A-4C5B-821D-03B5B2EDB01F}.Debug|Any CPU.ActiveCfg = Debug|Any CPU
		{1AF4208A-624A-4C5B-821D-03B5B2EDB01F}.Debug|Any CPU.Build.0 = Debug|Any CPU
		{1AF4208A-624A-4C5B-821D-03B5B2EDB01F}.Release|Any CPU.ActiveCfg = Release|Any CPU
		{1AF4208A-624A-4C5B-821D-03B5B2EDB01F}.Release|Any CPU.Build.0 = Release|Any CPU
		{3EE128A8-8515-431A-9FC2-5EBCC841E743}.Debug|Any CPU.ActiveCfg = Debug|Any CPU
		{3EE128A8-8515-431A-9FC2-5EBCC841E743}.Debug|Any CPU.Build.0 = Debug|Any CPU
		{3EE128A8-8515-431A-9FC2-5EBCC841E743}.Release|Any CPU.ActiveCfg = Release|Any CPU
		{3EE128A8-8515-431A-9FC2-5EBCC841E743}.Release|Any CPU.Build.0 = Release|Any CPU
		{023791E4-6BA7-4DE1-811E-1590B51A8715}.Debug|Any CPU.ActiveCfg = Debug|Any CPU
		{023791E4-6BA7-4DE1-811E-1590B51A8715}.Debug|Any CPU.Build.0 = Debug|Any CPU
		{023791E4-6BA7-4DE1-811E-1590B51A8715}.Release|Any CPU.ActiveCfg = Release|Any CPU
		{023791E4-6BA7-4DE1-811E-1590B51A8715}.Release|Any CPU.Build.0 = Release|Any CPU
	EndGlobalSection
	GlobalSection(SolutionProperties) = preSolution
		HideSolutionNode = FALSE
	EndGlobalSection
	GlobalSection(NestedProjects) = preSolution
		{009F647D-EE05-4968-9D8A-F75E2E7B2D32} = {02EA681E-C7D8-13C7-8484-4AC65E1B71E8}
		{D7162D65-FE49-4E49-8EF8-EFBAF58269EA} = {DB664B16-7EC6-4E74-8766-9B57F34B01CC}
		{772C0C61-21A6-40CB-A6F8-03953DC3B54B} = {DE665EDC-6F77-49CF-9521-42AA163A6E79}
		{08D00144-09FD-4D7A-84C6-8FE334590AA1} = {55278E83-76B9-436A-B1F9-CC64E20FEC3A}
		{9F134204-4FD4-4C66-8EFE-C3AB66D4047E} = {08D00144-09FD-4D7A-84C6-8FE334590AA1}
		{CCF517AD-181F-4F23-B484-6BE616AD491E} = {08D00144-09FD-4D7A-84C6-8FE334590AA1}
		{2FED25E7-FC2E-46D9-B07D-89BA8DDEBD22} = {08D00144-09FD-4D7A-84C6-8FE334590AA1}
		{9CA3F527-019F-445D-B8D9-031FDAF835A1} = {08D00144-09FD-4D7A-84C6-8FE334590AA1}
		{5E067BF6-8E72-46FB-8C18-208D515B1D0D} = {9F134204-4FD4-4C66-8EFE-C3AB66D4047E}
		{1AF4208A-624A-4C5B-821D-03B5B2EDB01F} = {CCF517AD-181F-4F23-B484-6BE616AD491E}
		{3EE128A8-8515-431A-9FC2-5EBCC841E743} = {2FED25E7-FC2E-46D9-B07D-89BA8DDEBD22}
		{023791E4-6BA7-4DE1-811E-1590B51A8715} = {9CA3F527-019F-445D-B8D9-031FDAF835A1}
	EndGlobalSection
	GlobalSection(ExtensibilityGlobals) = postSolution
		SolutionGuid = {FA29C7D2-5FBE-4E38-8DE0-C9BE142C6D32}
	EndGlobalSection
EndGlobal
