
Microsoft Visual Studio Solution File, Format Version 12.00
# Visual Studio Version 17
VisualStudioVersion = 17.13.35825.156 d17.13
MinimumVisualStudioVersion = 10.0.40219.1
Project("{2150E333-8FDC-42A3-9474-1A3956D46DE8}") = "Domain", "Domain", "{02EA681E-C7D8-13C7-8484-4AC65E1B71E8}"
EndProject
Project("{2150E333-8FDC-42A3-9474-1A3956D46DE8}") = "Infra.Bus", "Infra.Bus", "{DB664B16-7EC6-4E74-8766-9B57F34B01CC}"
EndProject
Project("{2150E333-8FDC-42A3-9474-1A3956D46DE8}") = "Infra.IoC", "Infra.IoC", "{DE665EDC-6F77-49CF-9521-42AA163A6E79}"
EndProject
Project("{2150E333-8FDC-42A3-9474-1A3956D46DE8}") = "Microservices", "Microservices", "{55278E83-76B9-436A-B1F9-CC64E20FEC3A}"
EndProject
Project("{2150E333-8FDC-42A3-9474-1A3956D46DE8}") = "Presentation", "Presentation", "{29DFB663-DDE7-4E3A-8F3D-2317C22C6AEC}"
EndProject
Project("{FAE04EC0-301F-11D3-BF4B-00C04F79EFBC}") = "MicroRabbit.Domain.Core", "MicroRabbit.Domain.Core\MicroRabbit.Domain.Core.csproj", "{1C83709A-82A5-4D74-8130-240AA1F6866E}"
EndProject
Global
	GlobalSection(SolutionConfigurationPlatforms) = preSolution
		Debug|Any CPU = Debug|Any CPU
		Release|Any CPU = Release|Any CPU
	EndGlobalSection
	GlobalSection(ProjectConfigurationPlatforms) = postSolution
		{1C83709A-82A5-4D74-8130-240AA1F6866E}.Debug|Any CPU.ActiveCfg = Debug|Any CPU
		{1C83709A-82A5-4D74-8130-240AA1F6866E}.Debug|Any CPU.Build.0 = Debug|Any CPU
		{1C83709A-82A5-4D74-8130-240AA1F6866E}.Release|Any CPU.ActiveCfg = Release|Any CPU
		{1C83709A-82A5-4D74-8130-240AA1F6866E}.Release|Any CPU.Build.0 = Release|Any CPU
	EndGlobalSection
	GlobalSection(SolutionProperties) = preSolution
		HideSolutionNode = FALSE
	EndGlobalSection
	GlobalSection(NestedProjects) = preSolution
		{1C83709A-82A5-4D74-8130-240AA1F6866E} = {02EA681E-C7D8-13C7-8484-4AC65E1B71E8}
	EndGlobalSection
	GlobalSection(ExtensibilityGlobals) = postSolution
		SolutionGuid = {FA29C7D2-5FBE-4E38-8DE0-C9BE142C6D32}
	EndGlobalSection
EndGlobal
